
Microsoft Visual Studio Solution File, Format Version 12.00
# Visual Studio 14
VisualStudioVersion = 14.0.25420.1
MinimumVisualStudioVersion = 10.0.40219.1
Project("{FAE04EC0-301F-11D3-BF4B-00C04F79EFBC}") = "Ocean.XamarinFormsSamples", "Ocean.XamarinFormsSamples\Ocean.XamarinFormsSamples\Ocean.XamarinFormsSamples.csproj", "{C3C3BB0C-579F-4408-9FFC-BEAC234C9109}"
EndProject
Project("{FAE04EC0-301F-11D3-BF4B-00C04F79EFBC}") = "Ocean.XamarinFormsSamples.Droid", "Ocean.XamarinFormsSamples\Ocean.XamarinFormsSamples.Droid\Ocean.XamarinFormsSamples.Droid.csproj", "{050CD476-36AB-47D6-A20B-15DA3641CD12}"
EndProject
Project("{FAE04EC0-301F-11D3-BF4B-00C04F79EFBC}") = "Ocean.XamarinFormsSamples.iOS", "Ocean.XamarinFormsSamples\Ocean.XamarinFormsSamples.iOS\Ocean.XamarinFormsSamples.iOS.csproj", "{71229976-FE5D-4547-93BE-C0376E7F08D0}"
EndProject
Project("{FAE04EC0-301F-11D3-BF4B-00C04F79EFBC}") = "Ocean.XamarinFormsSamples.UWP", "Ocean.XamarinFormsSamples\Ocean.XamarinFormsSamples.UWP\Ocean.XamarinFormsSamples.UWP.csproj", "{756CFCA6-B687-4156-A12B-9A9B5742E8E9}"
EndProject
Project("{2150E333-8FDC-42A3-9474-1A3956D46DE8}") = "Application", "Application", "{903354D9-D760-4999-804F-7077C6507608}"
EndProject
Project("{FAE04EC0-301F-11D3-BF4B-00C04F79EFBC}") = "Ocean.Portable", "Ocean.Portable\Ocean.Portable.csproj", "{67F9D3A8-F71E-4428-913F-C37AE82CDB24}"
EndProject
Project("{FAE04EC0-301F-11D3-BF4B-00C04F79EFBC}") = "Ocean.XamarinForms", "Ocean.XamarinForms\Ocean.XamarinForms.csproj", "{4DDAA1EC-FB13-4C33-A7F6-584A2BABCDB5}"
EndProject
Project("{2150E333-8FDC-42A3-9474-1A3956D46DE8}") = "Framework", "Framework", "{D3BB7D75-05DF-4554-B2FD-15A0EEA19793}"
EndProject
Project("{2150E333-8FDC-42A3-9474-1A3956D46DE8}") = "Platform Specific", "Platform Specific", "{DD617C37-AFF5-45C1-BCD8-D8791914ED3D}"
EndProject
Project("{2150E333-8FDC-42A3-9474-1A3956D46DE8}") = "Solution Items", "Solution Items", "{5639332E-C709-45EC-8ED0-DEE7B1A926E5}"
	ProjectSection(SolutionItems) = preProject
		.gitignore = .gitignore
		README.md = README.md
	EndProjectSection
EndProject
Global
	GlobalSection(SolutionConfigurationPlatforms) = preSolution
		Ad-Hoc|Any CPU = Ad-Hoc|Any CPU
		Ad-Hoc|ARM = Ad-Hoc|ARM
		Ad-Hoc|iPhone = Ad-Hoc|iPhone
		Ad-Hoc|iPhoneSimulator = Ad-Hoc|iPhoneSimulator
		Ad-Hoc|x64 = Ad-Hoc|x64
		Ad-Hoc|x86 = Ad-Hoc|x86
		AppStore|Any CPU = AppStore|Any CPU
		AppStore|ARM = AppStore|ARM
		AppStore|iPhone = AppStore|iPhone
		AppStore|iPhoneSimulator = AppStore|iPhoneSimulator
		AppStore|x64 = AppStore|x64
		AppStore|x86 = AppStore|x86
		Debug|Any CPU = Debug|Any CPU
		Debug|ARM = Debug|ARM
		Debug|iPhone = Debug|iPhone
		Debug|iPhoneSimulator = Debug|iPhoneSimulator
		Debug|x64 = Debug|x64
		Debug|x86 = Debug|x86
		Release|Any CPU = Release|Any CPU
		Release|ARM = Release|ARM
		Release|iPhone = Release|iPhone
		Release|iPhoneSimulator = Release|iPhoneSimulator
		Release|x64 = Release|x64
		Release|x86 = Release|x86
	EndGlobalSection
	GlobalSection(ProjectConfigurationPlatforms) = postSolution
		{C3C3BB0C-579F-4408-9FFC-BEAC234C9109}.Ad-Hoc|Any CPU.ActiveCfg = Release|Any CPU
		{C3C3BB0C-579F-4408-9FFC-BEAC234C9109}.Ad-Hoc|Any CPU.Build.0 = Release|Any CPU
		{C3C3BB0C-579F-4408-9FFC-BEAC234C9109}.Ad-Hoc|ARM.ActiveCfg = Release|Any CPU
		{C3C3BB0C-579F-4408-9FFC-BEAC234C9109}.Ad-Hoc|ARM.Build.0 = Release|Any CPU
		{C3C3BB0C-579F-4408-9FFC-BEAC234C9109}.Ad-Hoc|iPhone.ActiveCfg = Release|Any CPU
		{C3C3BB0C-579F-4408-9FFC-BEAC234C9109}.Ad-Hoc|iPhone.Build.0 = Release|Any CPU
		{C3C3BB0C-579F-4408-9FFC-BEAC234C9109}.Ad-Hoc|iPhoneSimulator.ActiveCfg = Release|Any CPU
		{C3C3BB0C-579F-4408-9FFC-BEAC234C9109}.Ad-Hoc|iPhoneSimulator.Build.0 = Release|Any CPU
		{C3C3BB0C-579F-4408-9FFC-BEAC234C9109}.Ad-Hoc|x64.ActiveCfg = Release|Any CPU
		{C3C3BB0C-579F-4408-9FFC-BEAC234C9109}.Ad-Hoc|x64.Build.0 = Release|Any CPU
		{C3C3BB0C-579F-4408-9FFC-BEAC234C9109}.Ad-Hoc|x86.ActiveCfg = Release|Any CPU
		{C3C3BB0C-579F-4408-9FFC-BEAC234C9109}.Ad-Hoc|x86.Build.0 = Release|Any CPU
		{C3C3BB0C-579F-4408-9FFC-BEAC234C9109}.AppStore|Any CPU.ActiveCfg = Release|Any CPU
		{C3C3BB0C-579F-4408-9FFC-BEAC234C9109}.AppStore|Any CPU.Build.0 = Release|Any CPU
		{C3C3BB0C-579F-4408-9FFC-BEAC234C9109}.AppStore|ARM.ActiveCfg = Release|Any CPU
		{C3C3BB0C-579F-4408-9FFC-BEAC234C9109}.AppStore|ARM.Build.0 = Release|Any CPU
		{C3C3BB0C-579F-4408-9FFC-BEAC234C9109}.AppStore|iPhone.ActiveCfg = Release|Any CPU
		{C3C3BB0C-579F-4408-9FFC-BEAC234C9109}.AppStore|iPhone.Build.0 = Release|Any CPU
		{C3C3BB0C-579F-4408-9FFC-BEAC234C9109}.AppStore|iPhoneSimulator.ActiveCfg = Release|Any CPU
		{C3C3BB0C-579F-4408-9FFC-BEAC234C9109}.AppStore|iPhoneSimulator.Build.0 = Release|Any CPU
		{C3C3BB0C-579F-4408-9FFC-BEAC234C9109}.AppStore|x64.ActiveCfg = Release|Any CPU
		{C3C3BB0C-579F-4408-9FFC-BEAC234C9109}.AppStore|x64.Build.0 = Release|Any CPU
		{C3C3BB0C-579F-4408-9FFC-BEAC234C9109}.AppStore|x86.ActiveCfg = Release|Any CPU
		{C3C3BB0C-579F-4408-9FFC-BEAC234C9109}.AppStore|x86.Build.0 = Release|Any CPU
		{C3C3BB0C-579F-4408-9FFC-BEAC234C9109}.Debug|Any CPU.ActiveCfg = Debug|Any CPU
		{C3C3BB0C-579F-4408-9FFC-BEAC234C9109}.Debug|Any CPU.Build.0 = Debug|Any CPU
		{C3C3BB0C-579F-4408-9FFC-BEAC234C9109}.Debug|ARM.ActiveCfg = Debug|Any CPU
		{C3C3BB0C-579F-4408-9FFC-BEAC234C9109}.Debug|ARM.Build.0 = Debug|Any CPU
		{C3C3BB0C-579F-4408-9FFC-BEAC234C9109}.Debug|iPhone.ActiveCfg = Debug|Any CPU
		{C3C3BB0C-579F-4408-9FFC-BEAC234C9109}.Debug|iPhone.Build.0 = Debug|Any CPU
		{C3C3BB0C-579F-4408-9FFC-BEAC234C9109}.Debug|iPhoneSimulator.ActiveCfg = Debug|Any CPU
		{C3C3BB0C-579F-4408-9FFC-BEAC234C9109}.Debug|iPhoneSimulator.Build.0 = Debug|Any CPU
		{C3C3BB0C-579F-4408-9FFC-BEAC234C9109}.Debug|x64.ActiveCfg = Debug|Any CPU
		{C3C3BB0C-579F-4408-9FFC-BEAC234C9109}.Debug|x64.Build.0 = Debug|Any CPU
		{C3C3BB0C-579F-4408-9FFC-BEAC234C9109}.Debug|x86.ActiveCfg = Debug|Any CPU
		{C3C3BB0C-579F-4408-9FFC-BEAC234C9109}.Debug|x86.Build.0 = Debug|Any CPU
		{C3C3BB0C-579F-4408-9FFC-BEAC234C9109}.Release|Any CPU.ActiveCfg = Release|Any CPU
		{C3C3BB0C-579F-4408-9FFC-BEAC234C9109}.Release|Any CPU.Build.0 = Release|Any CPU
		{C3C3BB0C-579F-4408-9FFC-BEAC234C9109}.Release|ARM.ActiveCfg = Release|Any CPU
		{C3C3BB0C-579F-4408-9FFC-BEAC234C9109}.Release|ARM.Build.0 = Release|Any CPU
		{C3C3BB0C-579F-4408-9FFC-BEAC234C9109}.Release|iPhone.ActiveCfg = Release|Any CPU
		{C3C3BB0C-579F-4408-9FFC-BEAC234C9109}.Release|iPhone.Build.0 = Release|Any CPU
		{C3C3BB0C-579F-4408-9FFC-BEAC234C9109}.Release|iPhoneSimulator.ActiveCfg = Release|Any CPU
		{C3C3BB0C-579F-4408-9FFC-BEAC234C9109}.Release|iPhoneSimulator.Build.0 = Release|Any CPU
		{C3C3BB0C-579F-4408-9FFC-BEAC234C9109}.Release|x64.ActiveCfg = Release|Any CPU
		{C3C3BB0C-579F-4408-9FFC-BEAC234C9109}.Release|x64.Build.0 = Release|Any CPU
		{C3C3BB0C-579F-4408-9FFC-BEAC234C9109}.Release|x86.ActiveCfg = Release|Any CPU
		{C3C3BB0C-579F-4408-9FFC-BEAC234C9109}.Release|x86.Build.0 = Release|Any CPU
		{050CD476-36AB-47D6-A20B-15DA3641CD12}.Ad-Hoc|Any CPU.ActiveCfg = Release|Any CPU
		{050CD476-36AB-47D6-A20B-15DA3641CD12}.Ad-Hoc|Any CPU.Build.0 = Release|Any CPU
		{050CD476-36AB-47D6-A20B-15DA3641CD12}.Ad-Hoc|Any CPU.Deploy.0 = Release|Any CPU
		{050CD476-36AB-47D6-A20B-15DA3641CD12}.Ad-Hoc|ARM.ActiveCfg = Release|Any CPU
		{050CD476-36AB-47D6-A20B-15DA3641CD12}.Ad-Hoc|ARM.Build.0 = Release|Any CPU
		{050CD476-36AB-47D6-A20B-15DA3641CD12}.Ad-Hoc|ARM.Deploy.0 = Release|Any CPU
		{050CD476-36AB-47D6-A20B-15DA3641CD12}.Ad-Hoc|iPhone.ActiveCfg = Release|Any CPU
		{050CD476-36AB-47D6-A20B-15DA3641CD12}.Ad-Hoc|iPhone.Build.0 = Release|Any CPU
		{050CD476-36AB-47D6-A20B-15DA3641CD12}.Ad-Hoc|iPhone.Deploy.0 = Release|Any CPU
		{050CD476-36AB-47D6-A20B-15DA3641CD12}.Ad-Hoc|iPhoneSimulator.ActiveCfg = Release|Any CPU
		{050CD476-36AB-47D6-A20B-15DA3641CD12}.Ad-Hoc|iPhoneSimulator.Build.0 = Release|Any CPU
		{050CD476-36AB-47D6-A20B-15DA3641CD12}.Ad-Hoc|iPhoneSimulator.Deploy.0 = Release|Any CPU
		{050CD476-36AB-47D6-A20B-15DA3641CD12}.Ad-Hoc|x64.ActiveCfg = Release|Any CPU
		{050CD476-36AB-47D6-A20B-15DA3641CD12}.Ad-Hoc|x64.Build.0 = Release|Any CPU
		{050CD476-36AB-47D6-A20B-15DA3641CD12}.Ad-Hoc|x64.Deploy.0 = Release|Any CPU
		{050CD476-36AB-47D6-A20B-15DA3641CD12}.Ad-Hoc|x86.ActiveCfg = Release|Any CPU
		{050CD476-36AB-47D6-A20B-15DA3641CD12}.Ad-Hoc|x86.Build.0 = Release|Any CPU
		{050CD476-36AB-47D6-A20B-15DA3641CD12}.Ad-Hoc|x86.Deploy.0 = Release|Any CPU
		{050CD476-36AB-47D6-A20B-15DA3641CD12}.AppStore|Any CPU.ActiveCfg = Release|Any CPU
		{050CD476-36AB-47D6-A20B-15DA3641CD12}.AppStore|Any CPU.Build.0 = Release|Any CPU
		{050CD476-36AB-47D6-A20B-15DA3641CD12}.AppStore|Any CPU.Deploy.0 = Release|Any CPU
		{050CD476-36AB-47D6-A20B-15DA3641CD12}.AppStore|ARM.ActiveCfg = Release|Any CPU
		{050CD476-36AB-47D6-A20B-15DA3641CD12}.AppStore|ARM.Build.0 = Release|Any CPU
		{050CD476-36AB-47D6-A20B-15DA3641CD12}.AppStore|ARM.Deploy.0 = Release|Any CPU
		{050CD476-36AB-47D6-A20B-15DA3641CD12}.AppStore|iPhone.ActiveCfg = Release|Any CPU
		{050CD476-36AB-47D6-A20B-15DA3641CD12}.AppStore|iPhone.Build.0 = Release|Any CPU
		{050CD476-36AB-47D6-A20B-15DA3641CD12}.AppStore|iPhone.Deploy.0 = Release|Any CPU
		{050CD476-36AB-47D6-A20B-15DA3641CD12}.AppStore|iPhoneSimulator.ActiveCfg = Release|Any CPU
		{050CD476-36AB-47D6-A20B-15DA3641CD12}.AppStore|iPhoneSimulator.Build.0 = Release|Any CPU
		{050CD476-36AB-47D6-A20B-15DA3641CD12}.AppStore|iPhoneSimulator.Deploy.0 = Release|Any CPU
		{050CD476-36AB-47D6-A20B-15DA3641CD12}.AppStore|x64.ActiveCfg = Release|Any CPU
		{050CD476-36AB-47D6-A20B-15DA3641CD12}.AppStore|x64.Build.0 = Release|Any CPU
		{050CD476-36AB-47D6-A20B-15DA3641CD12}.AppStore|x64.Deploy.0 = Release|Any CPU
		{050CD476-36AB-47D6-A20B-15DA3641CD12}.AppStore|x86.ActiveCfg = Release|Any CPU
		{050CD476-36AB-47D6-A20B-15DA3641CD12}.AppStore|x86.Build.0 = Release|Any CPU
		{050CD476-36AB-47D6-A20B-15DA3641CD12}.AppStore|x86.Deploy.0 = Release|Any CPU
		{050CD476-36AB-47D6-A20B-15DA3641CD12}.Debug|Any CPU.ActiveCfg = Debug|Any CPU
		{050CD476-36AB-47D6-A20B-15DA3641CD12}.Debug|Any CPU.Build.0 = Debug|Any CPU
		{050CD476-36AB-47D6-A20B-15DA3641CD12}.Debug|Any CPU.Deploy.0 = Debug|Any CPU
		{050CD476-36AB-47D6-A20B-15DA3641CD12}.Debug|ARM.ActiveCfg = Debug|Any CPU
		{050CD476-36AB-47D6-A20B-15DA3641CD12}.Debug|ARM.Build.0 = Debug|Any CPU
		{050CD476-36AB-47D6-A20B-15DA3641CD12}.Debug|ARM.Deploy.0 = Debug|Any CPU
		{050CD476-36AB-47D6-A20B-15DA3641CD12}.Debug|iPhone.ActiveCfg = Debug|Any CPU
		{050CD476-36AB-47D6-A20B-15DA3641CD12}.Debug|iPhone.Build.0 = Debug|Any CPU
		{050CD476-36AB-47D6-A20B-15DA3641CD12}.Debug|iPhone.Deploy.0 = Debug|Any CPU
		{050CD476-36AB-47D6-A20B-15DA3641CD12}.Debug|iPhoneSimulator.ActiveCfg = Debug|Any CPU
		{050CD476-36AB-47D6-A20B-15DA3641CD12}.Debug|x64.ActiveCfg = Debug|Any CPU
		{050CD476-36AB-47D6-A20B-15DA3641CD12}.Debug|x86.ActiveCfg = Debug|Any CPU
		{050CD476-36AB-47D6-A20B-15DA3641CD12}.Release|Any CPU.ActiveCfg = Release|Any CPU
		{050CD476-36AB-47D6-A20B-15DA3641CD12}.Release|Any CPU.Build.0 = Release|Any CPU
		{050CD476-36AB-47D6-A20B-15DA3641CD12}.Release|Any CPU.Deploy.0 = Release|Any CPU
		{050CD476-36AB-47D6-A20B-15DA3641CD12}.Release|ARM.ActiveCfg = Release|Any CPU
		{050CD476-36AB-47D6-A20B-15DA3641CD12}.Release|ARM.Build.0 = Release|Any CPU
		{050CD476-36AB-47D6-A20B-15DA3641CD12}.Release|ARM.Deploy.0 = Release|Any CPU
		{050CD476-36AB-47D6-A20B-15DA3641CD12}.Release|iPhone.ActiveCfg = Release|Any CPU
		{050CD476-36AB-47D6-A20B-15DA3641CD12}.Release|iPhone.Build.0 = Release|Any CPU
		{050CD476-36AB-47D6-A20B-15DA3641CD12}.Release|iPhone.Deploy.0 = Release|Any CPU
		{050CD476-36AB-47D6-A20B-15DA3641CD12}.Release|iPhoneSimulator.ActiveCfg = Release|Any CPU
		{050CD476-36AB-47D6-A20B-15DA3641CD12}.Release|iPhoneSimulator.Build.0 = Release|Any CPU
		{050CD476-36AB-47D6-A20B-15DA3641CD12}.Release|iPhoneSimulator.Deploy.0 = Release|Any CPU
		{050CD476-36AB-47D6-A20B-15DA3641CD12}.Release|x64.ActiveCfg = Release|Any CPU
		{050CD476-36AB-47D6-A20B-15DA3641CD12}.Release|x64.Build.0 = Release|Any CPU
		{050CD476-36AB-47D6-A20B-15DA3641CD12}.Release|x64.Deploy.0 = Release|Any CPU
		{050CD476-36AB-47D6-A20B-15DA3641CD12}.Release|x86.ActiveCfg = Release|Any CPU
		{050CD476-36AB-47D6-A20B-15DA3641CD12}.Release|x86.Build.0 = Release|Any CPU
		{050CD476-36AB-47D6-A20B-15DA3641CD12}.Release|x86.Deploy.0 = Release|Any CPU
		{71229976-FE5D-4547-93BE-C0376E7F08D0}.Ad-Hoc|Any CPU.ActiveCfg = Ad-Hoc|iPhone
		{71229976-FE5D-4547-93BE-C0376E7F08D0}.Ad-Hoc|ARM.ActiveCfg = Ad-Hoc|iPhone
		{71229976-FE5D-4547-93BE-C0376E7F08D0}.Ad-Hoc|iPhone.ActiveCfg = Ad-Hoc|iPhone
		{71229976-FE5D-4547-93BE-C0376E7F08D0}.Ad-Hoc|iPhone.Build.0 = Ad-Hoc|iPhone
		{71229976-FE5D-4547-93BE-C0376E7F08D0}.Ad-Hoc|iPhoneSimulator.ActiveCfg = Ad-Hoc|iPhoneSimulator
		{71229976-FE5D-4547-93BE-C0376E7F08D0}.Ad-Hoc|iPhoneSimulator.Build.0 = Ad-Hoc|iPhoneSimulator
		{71229976-FE5D-4547-93BE-C0376E7F08D0}.Ad-Hoc|x64.ActiveCfg = Ad-Hoc|iPhone
		{71229976-FE5D-4547-93BE-C0376E7F08D0}.Ad-Hoc|x86.ActiveCfg = Ad-Hoc|iPhone
		{71229976-FE5D-4547-93BE-C0376E7F08D0}.AppStore|Any CPU.ActiveCfg = AppStore|iPhone
		{71229976-FE5D-4547-93BE-C0376E7F08D0}.AppStore|ARM.ActiveCfg = AppStore|iPhone
		{71229976-FE5D-4547-93BE-C0376E7F08D0}.AppStore|iPhone.ActiveCfg = AppStore|iPhone
		{71229976-FE5D-4547-93BE-C0376E7F08D0}.AppStore|iPhone.Build.0 = AppStore|iPhone
		{71229976-FE5D-4547-93BE-C0376E7F08D0}.AppStore|iPhoneSimulator.ActiveCfg = AppStore|iPhoneSimulator
		{71229976-FE5D-4547-93BE-C0376E7F08D0}.AppStore|iPhoneSimulator.Build.0 = AppStore|iPhoneSimulator
		{71229976-FE5D-4547-93BE-C0376E7F08D0}.AppStore|x64.ActiveCfg = AppStore|iPhone
		{71229976-FE5D-4547-93BE-C0376E7F08D0}.AppStore|x86.ActiveCfg = AppStore|iPhone
		{71229976-FE5D-4547-93BE-C0376E7F08D0}.Debug|Any CPU.ActiveCfg = Debug|iPhone
		{71229976-FE5D-4547-93BE-C0376E7F08D0}.Debug|ARM.ActiveCfg = Debug|iPhone
		{71229976-FE5D-4547-93BE-C0376E7F08D0}.Debug|iPhone.ActiveCfg = Debug|iPhone
		{71229976-FE5D-4547-93BE-C0376E7F08D0}.Debug|iPhoneSimulator.ActiveCfg = Debug|iPhoneSimulator
		{71229976-FE5D-4547-93BE-C0376E7F08D0}.Debug|iPhoneSimulator.Build.0 = Debug|iPhoneSimulator
		{71229976-FE5D-4547-93BE-C0376E7F08D0}.Debug|x64.ActiveCfg = Debug|iPhone
		{71229976-FE5D-4547-93BE-C0376E7F08D0}.Debug|x86.ActiveCfg = Debug|iPhone
		{71229976-FE5D-4547-93BE-C0376E7F08D0}.Release|Any CPU.ActiveCfg = Release|iPhone
		{71229976-FE5D-4547-93BE-C0376E7F08D0}.Release|ARM.ActiveCfg = Release|iPhone
		{71229976-FE5D-4547-93BE-C0376E7F08D0}.Release|iPhone.ActiveCfg = Release|iPhone
		{71229976-FE5D-4547-93BE-C0376E7F08D0}.Release|iPhone.Build.0 = Release|iPhone
		{71229976-FE5D-4547-93BE-C0376E7F08D0}.Release|iPhoneSimulator.ActiveCfg = Release|iPhoneSimulator
		{71229976-FE5D-4547-93BE-C0376E7F08D0}.Release|iPhoneSimulator.Build.0 = Release|iPhoneSimulator
		{71229976-FE5D-4547-93BE-C0376E7F08D0}.Release|x64.ActiveCfg = Release|iPhone
		{71229976-FE5D-4547-93BE-C0376E7F08D0}.Release|x86.ActiveCfg = Release|iPhone
		{756CFCA6-B687-4156-A12B-9A9B5742E8E9}.Ad-Hoc|Any CPU.ActiveCfg = Release|x86
		{756CFCA6-B687-4156-A12B-9A9B5742E8E9}.Ad-Hoc|Any CPU.Build.0 = Release|x86
		{756CFCA6-B687-4156-A12B-9A9B5742E8E9}.Ad-Hoc|Any CPU.Deploy.0 = Release|x86
		{756CFCA6-B687-4156-A12B-9A9B5742E8E9}.Ad-Hoc|ARM.ActiveCfg = Release|ARM
		{756CFCA6-B687-4156-A12B-9A9B5742E8E9}.Ad-Hoc|ARM.Build.0 = Release|ARM
		{756CFCA6-B687-4156-A12B-9A9B5742E8E9}.Ad-Hoc|ARM.Deploy.0 = Release|ARM
		{756CFCA6-B687-4156-A12B-9A9B5742E8E9}.Ad-Hoc|iPhone.ActiveCfg = Release|x86
		{756CFCA6-B687-4156-A12B-9A9B5742E8E9}.Ad-Hoc|iPhone.Build.0 = Release|x86
		{756CFCA6-B687-4156-A12B-9A9B5742E8E9}.Ad-Hoc|iPhone.Deploy.0 = Release|x86
		{756CFCA6-B687-4156-A12B-9A9B5742E8E9}.Ad-Hoc|iPhoneSimulator.ActiveCfg = Release|x86
		{756CFCA6-B687-4156-A12B-9A9B5742E8E9}.Ad-Hoc|iPhoneSimulator.Build.0 = Release|x86
		{756CFCA6-B687-4156-A12B-9A9B5742E8E9}.Ad-Hoc|iPhoneSimulator.Deploy.0 = Release|x86
		{756CFCA6-B687-4156-A12B-9A9B5742E8E9}.Ad-Hoc|x64.ActiveCfg = Release|x64
		{756CFCA6-B687-4156-A12B-9A9B5742E8E9}.Ad-Hoc|x64.Build.0 = Release|x64
		{756CFCA6-B687-4156-A12B-9A9B5742E8E9}.Ad-Hoc|x64.Deploy.0 = Release|x64
		{756CFCA6-B687-4156-A12B-9A9B5742E8E9}.Ad-Hoc|x86.ActiveCfg = Release|x86
		{756CFCA6-B687-4156-A12B-9A9B5742E8E9}.Ad-Hoc|x86.Build.0 = Release|x86
		{756CFCA6-B687-4156-A12B-9A9B5742E8E9}.Ad-Hoc|x86.Deploy.0 = Release|x86
		{756CFCA6-B687-4156-A12B-9A9B5742E8E9}.AppStore|Any CPU.ActiveCfg = Release|x86
		{756CFCA6-B687-4156-A12B-9A9B5742E8E9}.AppStore|Any CPU.Build.0 = Release|x86
		{756CFCA6-B687-4156-A12B-9A9B5742E8E9}.AppStore|Any CPU.Deploy.0 = Release|x86
		{756CFCA6-B687-4156-A12B-9A9B5742E8E9}.AppStore|ARM.ActiveCfg = Release|ARM
		{756CFCA6-B687-4156-A12B-9A9B5742E8E9}.AppStore|ARM.Build.0 = Release|ARM
		{756CFCA6-B687-4156-A12B-9A9B5742E8E9}.AppStore|ARM.Deploy.0 = Release|ARM
		{756CFCA6-B687-4156-A12B-9A9B5742E8E9}.AppStore|iPhone.ActiveCfg = Release|x86
		{756CFCA6-B687-4156-A12B-9A9B5742E8E9}.AppStore|iPhone.Build.0 = Release|x86
		{756CFCA6-B687-4156-A12B-9A9B5742E8E9}.AppStore|iPhone.Deploy.0 = Release|x86
		{756CFCA6-B687-4156-A12B-9A9B5742E8E9}.AppStore|iPhoneSimulator.ActiveCfg = Release|x86
		{756CFCA6-B687-4156-A12B-9A9B5742E8E9}.AppStore|iPhoneSimulator.Build.0 = Release|x86
		{756CFCA6-B687-4156-A12B-9A9B5742E8E9}.AppStore|iPhoneSimulator.Deploy.0 = Release|x86
		{756CFCA6-B687-4156-A12B-9A9B5742E8E9}.AppStore|x64.ActiveCfg = Release|x64
		{756CFCA6-B687-4156-A12B-9A9B5742E8E9}.AppStore|x64.Build.0 = Release|x64
		{756CFCA6-B687-4156-A12B-9A9B5742E8E9}.AppStore|x64.Deploy.0 = Release|x64
		{756CFCA6-B687-4156-A12B-9A9B5742E8E9}.AppStore|x86.ActiveCfg = Release|x86
		{756CFCA6-B687-4156-A12B-9A9B5742E8E9}.AppStore|x86.Build.0 = Release|x86
		{756CFCA6-B687-4156-A12B-9A9B5742E8E9}.AppStore|x86.Deploy.0 = Release|x86
		{756CFCA6-B687-4156-A12B-9A9B5742E8E9}.Debug|Any CPU.ActiveCfg = Debug|x86
		{756CFCA6-B687-4156-A12B-9A9B5742E8E9}.Debug|ARM.ActiveCfg = Debug|ARM
		{756CFCA6-B687-4156-A12B-9A9B5742E8E9}.Debug|ARM.Build.0 = Debug|ARM
		{756CFCA6-B687-4156-A12B-9A9B5742E8E9}.Debug|ARM.Deploy.0 = Debug|ARM
		{756CFCA6-B687-4156-A12B-9A9B5742E8E9}.Debug|iPhone.ActiveCfg = Debug|x86
		{756CFCA6-B687-4156-A12B-9A9B5742E8E9}.Debug|iPhoneSimulator.ActiveCfg = Debug|x86
		{756CFCA6-B687-4156-A12B-9A9B5742E8E9}.Debug|x64.ActiveCfg = Debug|x64
		{756CFCA6-B687-4156-A12B-9A9B5742E8E9}.Debug|x64.Build.0 = Debug|x64
		{756CFCA6-B687-4156-A12B-9A9B5742E8E9}.Debug|x64.Deploy.0 = Debug|x64
		{756CFCA6-B687-4156-A12B-9A9B5742E8E9}.Debug|x86.ActiveCfg = Debug|x86
		{756CFCA6-B687-4156-A12B-9A9B5742E8E9}.Debug|x86.Build.0 = Debug|x86
		{756CFCA6-B687-4156-A12B-9A9B5742E8E9}.Debug|x86.Deploy.0 = Debug|x86
		{756CFCA6-B687-4156-A12B-9A9B5742E8E9}.Release|Any CPU.ActiveCfg = Release|x86
		{756CFCA6-B687-4156-A12B-9A9B5742E8E9}.Release|ARM.ActiveCfg = Release|ARM
		{756CFCA6-B687-4156-A12B-9A9B5742E8E9}.Release|ARM.Build.0 = Release|ARM
		{756CFCA6-B687-4156-A12B-9A9B5742E8E9}.Release|ARM.Deploy.0 = Release|ARM
		{756CFCA6-B687-4156-A12B-9A9B5742E8E9}.Release|iPhone.ActiveCfg = Release|x86
		{756CFCA6-B687-4156-A12B-9A9B5742E8E9}.Release|iPhoneSimulator.ActiveCfg = Release|x86
		{756CFCA6-B687-4156-A12B-9A9B5742E8E9}.Release|x64.ActiveCfg = Release|x64
		{756CFCA6-B687-4156-A12B-9A9B5742E8E9}.Release|x64.Build.0 = Release|x64
		{756CFCA6-B687-4156-A12B-9A9B5742E8E9}.Release|x64.Deploy.0 = Release|x64
		{756CFCA6-B687-4156-A12B-9A9B5742E8E9}.Release|x86.ActiveCfg = Release|x86
		{756CFCA6-B687-4156-A12B-9A9B5742E8E9}.Release|x86.Build.0 = Release|x86
		{756CFCA6-B687-4156-A12B-9A9B5742E8E9}.Release|x86.Deploy.0 = Release|x86
		{67F9D3A8-F71E-4428-913F-C37AE82CDB24}.Ad-Hoc|Any CPU.ActiveCfg = Release|Any CPU
		{67F9D3A8-F71E-4428-913F-C37AE82CDB24}.Ad-Hoc|Any CPU.Build.0 = Release|Any CPU
		{67F9D3A8-F71E-4428-913F-C37AE82CDB24}.Ad-Hoc|ARM.ActiveCfg = Release|Any CPU
		{67F9D3A8-F71E-4428-913F-C37AE82CDB24}.Ad-Hoc|ARM.Build.0 = Release|Any CPU
		{67F9D3A8-F71E-4428-913F-C37AE82CDB24}.Ad-Hoc|iPhone.ActiveCfg = Release|Any CPU
		{67F9D3A8-F71E-4428-913F-C37AE82CDB24}.Ad-Hoc|iPhone.Build.0 = Release|Any CPU
		{67F9D3A8-F71E-4428-913F-C37AE82CDB24}.Ad-Hoc|iPhoneSimulator.ActiveCfg = Release|Any CPU
		{67F9D3A8-F71E-4428-913F-C37AE82CDB24}.Ad-Hoc|iPhoneSimulator.Build.0 = Release|Any CPU
		{67F9D3A8-F71E-4428-913F-C37AE82CDB24}.Ad-Hoc|x64.ActiveCfg = Release|Any CPU
		{67F9D3A8-F71E-4428-913F-C37AE82CDB24}.Ad-Hoc|x64.Build.0 = Release|Any CPU
		{67F9D3A8-F71E-4428-913F-C37AE82CDB24}.Ad-Hoc|x86.ActiveCfg = Release|Any CPU
		{67F9D3A8-F71E-4428-913F-C37AE82CDB24}.Ad-Hoc|x86.Build.0 = Release|Any CPU
		{67F9D3A8-F71E-4428-913F-C37AE82CDB24}.AppStore|Any CPU.ActiveCfg = Release|Any CPU
		{67F9D3A8-F71E-4428-913F-C37AE82CDB24}.AppStore|Any CPU.Build.0 = Release|Any CPU
		{67F9D3A8-F71E-4428-913F-C37AE82CDB24}.AppStore|ARM.ActiveCfg = Release|Any CPU
		{67F9D3A8-F71E-4428-913F-C37AE82CDB24}.AppStore|ARM.Build.0 = Release|Any CPU
		{67F9D3A8-F71E-4428-913F-C37AE82CDB24}.AppStore|iPhone.ActiveCfg = Release|Any CPU
		{67F9D3A8-F71E-4428-913F-C37AE82CDB24}.AppStore|iPhone.Build.0 = Release|Any CPU
		{67F9D3A8-F71E-4428-913F-C37AE82CDB24}.AppStore|iPhoneSimulator.ActiveCfg = Release|Any CPU
		{67F9D3A8-F71E-4428-913F-C37AE82CDB24}.AppStore|iPhoneSimulator.Build.0 = Release|Any CPU
		{67F9D3A8-F71E-4428-913F-C37AE82CDB24}.AppStore|x64.ActiveCfg = Release|Any CPU
		{67F9D3A8-F71E-4428-913F-C37AE82CDB24}.AppStore|x64.Build.0 = Release|Any CPU
		{67F9D3A8-F71E-4428-913F-C37AE82CDB24}.AppStore|x86.ActiveCfg = Release|Any CPU
		{67F9D3A8-F71E-4428-913F-C37AE82CDB24}.AppStore|x86.Build.0 = Release|Any CPU
		{67F9D3A8-F71E-4428-913F-C37AE82CDB24}.Debug|Any CPU.ActiveCfg = Debug|Any CPU
		{67F9D3A8-F71E-4428-913F-C37AE82CDB24}.Debug|Any CPU.Build.0 = Debug|Any CPU
		{67F9D3A8-F71E-4428-913F-C37AE82CDB24}.Debug|ARM.ActiveCfg = Debug|Any CPU
		{67F9D3A8-F71E-4428-913F-C37AE82CDB24}.Debug|ARM.Build.0 = Debug|Any CPU
		{67F9D3A8-F71E-4428-913F-C37AE82CDB24}.Debug|iPhone.ActiveCfg = Debug|Any CPU
		{67F9D3A8-F71E-4428-913F-C37AE82CDB24}.Debug|iPhone.Build.0 = Debug|Any CPU
		{67F9D3A8-F71E-4428-913F-C37AE82CDB24}.Debug|iPhoneSimulator.ActiveCfg = Debug|Any CPU
		{67F9D3A8-F71E-4428-913F-C37AE82CDB24}.Debug|iPhoneSimulator.Build.0 = Debug|Any CPU
		{67F9D3A8-F71E-4428-913F-C37AE82CDB24}.Debug|x64.ActiveCfg = Debug|Any CPU
		{67F9D3A8-F71E-4428-913F-C37AE82CDB24}.Debug|x64.Build.0 = Debug|Any CPU
		{67F9D3A8-F71E-4428-913F-C37AE82CDB24}.Debug|x86.ActiveCfg = Debug|Any CPU
		{67F9D3A8-F71E-4428-913F-C37AE82CDB24}.Debug|x86.Build.0 = Debug|Any CPU
		{67F9D3A8-F71E-4428-913F-C37AE82CDB24}.Release|Any CPU.ActiveCfg = Release|Any CPU
		{67F9D3A8-F71E-4428-913F-C37AE82CDB24}.Release|Any CPU.Build.0 = Release|Any CPU
		{67F9D3A8-F71E-4428-913F-C37AE82CDB24}.Release|ARM.ActiveCfg = Release|Any CPU
		{67F9D3A8-F71E-4428-913F-C37AE82CDB24}.Release|ARM.Build.0 = Release|Any CPU
		{67F9D3A8-F71E-4428-913F-C37AE82CDB24}.Release|iPhone.ActiveCfg = Release|Any CPU
		{67F9D3A8-F71E-4428-913F-C37AE82CDB24}.Release|iPhone.Build.0 = Release|Any CPU
		{67F9D3A8-F71E-4428-913F-C37AE82CDB24}.Release|iPhoneSimulator.ActiveCfg = Release|Any CPU
		{67F9D3A8-F71E-4428-913F-C37AE82CDB24}.Release|iPhoneSimulator.Build.0 = Release|Any CPU
		{67F9D3A8-F71E-4428-913F-C37AE82CDB24}.Release|x64.ActiveCfg = Release|Any CPU
		{67F9D3A8-F71E-4428-913F-C37AE82CDB24}.Release|x64.Build.0 = Release|Any CPU
		{67F9D3A8-F71E-4428-913F-C37AE82CDB24}.Release|x86.ActiveCfg = Release|Any CPU
		{67F9D3A8-F71E-4428-913F-C37AE82CDB24}.Release|x86.Build.0 = Release|Any CPU
		{4DDAA1EC-FB13-4C33-A7F6-584A2BABCDB5}.Ad-Hoc|Any CPU.ActiveCfg = Release|Any CPU
		{4DDAA1EC-FB13-4C33-A7F6-584A2BABCDB5}.Ad-Hoc|Any CPU.Build.0 = Release|Any CPU
		{4DDAA1EC-FB13-4C33-A7F6-584A2BABCDB5}.Ad-Hoc|ARM.ActiveCfg = Release|Any CPU
		{4DDAA1EC-FB13-4C33-A7F6-584A2BABCDB5}.Ad-Hoc|ARM.Build.0 = Release|Any CPU
		{4DDAA1EC-FB13-4C33-A7F6-584A2BABCDB5}.Ad-Hoc|iPhone.ActiveCfg = Release|Any CPU
		{4DDAA1EC-FB13-4C33-A7F6-584A2BABCDB5}.Ad-Hoc|iPhone.Build.0 = Release|Any CPU
		{4DDAA1EC-FB13-4C33-A7F6-584A2BABCDB5}.Ad-Hoc|iPhoneSimulator.ActiveCfg = Release|Any CPU
		{4DDAA1EC-FB13-4C33-A7F6-584A2BABCDB5}.Ad-Hoc|iPhoneSimulator.Build.0 = Release|Any CPU
		{4DDAA1EC-FB13-4C33-A7F6-584A2BABCDB5}.Ad-Hoc|x64.ActiveCfg = Release|Any CPU
		{4DDAA1EC-FB13-4C33-A7F6-584A2BABCDB5}.Ad-Hoc|x64.Build.0 = Release|Any CPU
		{4DDAA1EC-FB13-4C33-A7F6-584A2BABCDB5}.Ad-Hoc|x86.ActiveCfg = Release|Any CPU
		{4DDAA1EC-FB13-4C33-A7F6-584A2BABCDB5}.Ad-Hoc|x86.Build.0 = Release|Any CPU
		{4DDAA1EC-FB13-4C33-A7F6-584A2BABCDB5}.AppStore|Any CPU.ActiveCfg = Release|Any CPU
		{4DDAA1EC-FB13-4C33-A7F6-584A2BABCDB5}.AppStore|Any CPU.Build.0 = Release|Any CPU
		{4DDAA1EC-FB13-4C33-A7F6-584A2BABCDB5}.AppStore|ARM.ActiveCfg = Release|Any CPU
		{4DDAA1EC-FB13-4C33-A7F6-584A2BABCDB5}.AppStore|ARM.Build.0 = Release|Any CPU
		{4DDAA1EC-FB13-4C33-A7F6-584A2BABCDB5}.AppStore|iPhone.ActiveCfg = Release|Any CPU
		{4DDAA1EC-FB13-4C33-A7F6-584A2BABCDB5}.AppStore|iPhone.Build.0 = Release|Any CPU
		{4DDAA1EC-FB13-4C33-A7F6-584A2BABCDB5}.AppStore|iPhoneSimulator.ActiveCfg = Release|Any CPU
		{4DDAA1EC-FB13-4C33-A7F6-584A2BABCDB5}.AppStore|iPhoneSimulator.Build.0 = Release|Any CPU
		{4DDAA1EC-FB13-4C33-A7F6-584A2BABCDB5}.AppStore|x64.ActiveCfg = Release|Any CPU
		{4DDAA1EC-FB13-4C33-A7F6-584A2BABCDB5}.AppStore|x64.Build.0 = Release|Any CPU
		{4DDAA1EC-FB13-4C33-A7F6-584A2BABCDB5}.AppStore|x86.ActiveCfg = Release|Any CPU
		{4DDAA1EC-FB13-4C33-A7F6-584A2BABCDB5}.AppStore|x86.Build.0 = Release|Any CPU
		{4DDAA1EC-FB13-4C33-A7F6-584A2BABCDB5}.Debug|Any CPU.ActiveCfg = Debug|Any CPU
		{4DDAA1EC-FB13-4C33-A7F6-584A2BABCDB5}.Debug|Any CPU.Build.0 = Debug|Any CPU
		{4DDAA1EC-FB13-4C33-A7F6-584A2BABCDB5}.Debug|ARM.ActiveCfg = Debug|Any CPU
		{4DDAA1EC-FB13-4C33-A7F6-584A2BABCDB5}.Debug|ARM.Build.0 = Debug|Any CPU
		{4DDAA1EC-FB13-4C33-A7F6-584A2BABCDB5}.Debug|iPhone.ActiveCfg = Debug|Any CPU
		{4DDAA1EC-FB13-4C33-A7F6-584A2BABCDB5}.Debug|iPhone.Build.0 = Debug|Any CPU
		{4DDAA1EC-FB13-4C33-A7F6-584A2BABCDB5}.Debug|iPhoneSimulator.ActiveCfg = Debug|Any CPU
		{4DDAA1EC-FB13-4C33-A7F6-584A2BABCDB5}.Debug|iPhoneSimulator.Build.0 = Debug|Any CPU
		{4DDAA1EC-FB13-4C33-A7F6-584A2BABCDB5}.Debug|x64.ActiveCfg = Debug|Any CPU
		{4DDAA1EC-FB13-4C33-A7F6-584A2BABCDB5}.Debug|x64.Build.0 = Debug|Any CPU
		{4DDAA1EC-FB13-4C33-A7F6-584A2BABCDB5}.Debug|x86.ActiveCfg = Debug|Any CPU
		{4DDAA1EC-FB13-4C33-A7F6-584A2BABCDB5}.Debug|x86.Build.0 = Debug|Any CPU
		{4DDAA1EC-FB13-4C33-A7F6-584A2BABCDB5}.Release|Any CPU.ActiveCfg = Release|Any CPU
		{4DDAA1EC-FB13-4C33-A7F6-584A2BABCDB5}.Release|Any CPU.Build.0 = Release|Any CPU
		{4DDAA1EC-FB13-4C33-A7F6-584A2BABCDB5}.Release|ARM.ActiveCfg = Release|Any CPU
		{4DDAA1EC-FB13-4C33-A7F6-584A2BABCDB5}.Release|ARM.Build.0 = Release|Any CPU
		{4DDAA1EC-FB13-4C33-A7F6-584A2BABCDB5}.Release|iPhone.ActiveCfg = Release|Any CPU
		{4DDAA1EC-FB13-4C33-A7F6-584A2BABCDB5}.Release|iPhone.Build.0 = Release|Any CPU
		{4DDAA1EC-FB13-4C33-A7F6-584A2BABCDB5}.Release|iPhoneSimulator.ActiveCfg = Release|Any CPU
		{4DDAA1EC-FB13-4C33-A7F6-584A2BABCDB5}.Release|iPhoneSimulator.Build.0 = Release|Any CPU
		{4DDAA1EC-FB13-4C33-A7F6-584A2BABCDB5}.Release|x64.ActiveCfg = Release|Any CPU
		{4DDAA1EC-FB13-4C33-A7F6-584A2BABCDB5}.Release|x64.Build.0 = Release|Any CPU
		{4DDAA1EC-FB13-4C33-A7F6-584A2BABCDB5}.Release|x86.ActiveCfg = Release|Any CPU
		{4DDAA1EC-FB13-4C33-A7F6-584A2BABCDB5}.Release|x86.Build.0 = Release|Any CPU
	EndGlobalSection
	GlobalSection(SolutionProperties) = preSolution
		HideSolutionNode = FALSE
	EndGlobalSection
	GlobalSection(NestedProjects) = preSolution
		{C3C3BB0C-579F-4408-9FFC-BEAC234C9109} = {903354D9-D760-4999-804F-7077C6507608}
		{050CD476-36AB-47D6-A20B-15DA3641CD12} = {DD617C37-AFF5-45C1-BCD8-D8791914ED3D}
		{71229976-FE5D-4547-93BE-C0376E7F08D0} = {DD617C37-AFF5-45C1-BCD8-D8791914ED3D}
		{756CFCA6-B687-4156-A12B-9A9B5742E8E9} = {DD617C37-AFF5-45C1-BCD8-D8791914ED3D}
		{67F9D3A8-F71E-4428-913F-C37AE82CDB24} = {D3BB7D75-05DF-4554-B2FD-15A0EEA19793}
		{4DDAA1EC-FB13-4C33-A7F6-584A2BABCDB5} = {D3BB7D75-05DF-4554-B2FD-15A0EEA19793}
	EndGlobalSection
EndGlobal
